{
  "nodes": {
    "concur": {
      "flake": false,
      "locked": {
        "lastModified": 1658186459,
        "narHash": "sha256-TIPZcokQhVNaoP1gX92HWkw/eA7qmkE9xrNSe+ZeUl8=",
        "owner": "wavewave",
        "repo": "concur",
        "rev": "deafda4e8b91bb02dc0cee63e52b28f35e1c698f",
        "type": "github"
      },
      "original": {
        "owner": "wavewave",
        "ref": "ghc-9.2",
        "repo": "concur",
        "type": "github"
      }
    },
    "concur-replica": {
      "flake": false,
      "locked": {
        "lastModified": 1603057542,
        "narHash": "sha256-G/z7f2DF8M6a1FwGMtjQw5fLpJygje0riOBrAjozJdw=",
        "owner": "wavewave",
        "repo": "concur-replica",
        "rev": "e15785b3b09e97790ae23c8ae8671c191d039a2c",
        "type": "github"
      },
      "original": {
        "owner": "wavewave",
        "ref": "ghc-9.2",
        "repo": "concur-replica",
        "type": "github"
      }
    },
    "flake-utils": {
      "locked": {
        "lastModified": 1656928814,
        "narHash": "sha256-RIFfgBuKz6Hp89yRr7+NR5tzIAbn52h8vT6vXkYjZoM=",
        "owner": "numtide",
        "repo": "flake-utils",
        "rev": "7e2a3b3dfd9af950a856d66b0a7d01e3c18aa249",
        "type": "github"
      },
      "original": {
        "owner": "numtide",
        "repo": "flake-utils",
        "type": "github"
      }
    },
    "nixpkgs": {
      "locked": {
        "lastModified": 1658177757,
        "narHash": "sha256-XjiMHb0O3Z3+QH19NiTA9vx1xCnnogq//AqDHKwnLZ0=",
        "owner": "NixOS",
        "repo": "nixpkgs",
        "rev": "31997025a4d59f09a9b4c55a3c6ff5ade48de2d6",
        "type": "github"
      },
      "original": {
        "owner": "NixOS",
        "ref": "master",
        "repo": "nixpkgs",
        "type": "github"
      }
    },
    "replica": {
      "flake": false,
      "locked": {
        "lastModified": 1658187149,
        "narHash": "sha256-jIhUebp4xFNc3mMI1xY+9/2iNP8DyPKMygYhIfAxSVY=",
        "path": "/Users/ianwookim/repo/srcc/replica",
        "type": "path"
      },
      "original": {
        "path": "/Users/ianwookim/repo/srcc/replica",
        "type": "path"
      }
    },
    "root": {
      "inputs": {
        "concur": "concur",
        "concur-replica": "concur-replica",
        "flake-utils": "flake-utils",
        "nixpkgs": "nixpkgs",
        "replica": "replica"
      }
    }
  },
  "root": "root",
  "version": 7
}
